
Microsoft Visual Studio Solution File, Format Version 12.00
# Visual Studio Version 16
VisualStudioVersion = 16.0.29806.167
MinimumVisualStudioVersion = 10.0.40219.1
Project("{FAE04EC0-301F-11D3-BF4B-00C04F79EFBC}") = "AegisWPF", "AegisWPF\AegisWPF.csproj", "{12E188DE-DA4B-47A1-98DA-5378A79403EB}"
EndProject
Global
	GlobalSection(SolutionConfigurationPlatforms) = preSolution
		Debug|Any CPU = Debug|Any CPU
		Release|Any CPU = Release|Any CPU
	EndGlobalSection
	GlobalSection(ProjectConfigurationPlatforms) = postSolution
		{12E188DE-DA4B-47A1-98DA-5378A79403EB}.Debug|Any CPU.ActiveCfg = Debug|Any CPU
		{12E188DE-DA4B-47A1-98DA-5378A79403EB}.Debug|Any CPU.Build.0 = Debug|Any CPU
		{12E188DE-DA4B-47A1-98DA-5378A79403EB}.Release|Any CPU.ActiveCfg = Release|Any CPU
		{12E188DE-DA4B-47A1-98DA-5378A79403EB}.Release|Any CPU.Build.0 = Release|Any CPU
	EndGlobalSection
	GlobalSection(SolutionProperties) = preSolution
		HideSolutionNode = FALSE
	EndGlobalSection
	GlobalSection(ExtensibilityGlobals) = postSolution
		SolutionGuid = {792F1D52-0714-4881-A25E-31BAD0998345}
	EndGlobalSection
EndGlobal
